
Microsoft Visual Studio Solution File, Format Version 12.00
# Visual Studio Version 16
VisualStudioVersion = 16.0.29215.179
MinimumVisualStudioVersion = 10.0.40219.1
Project("{FAE04EC0-301F-11D3-BF4B-00C04F79EFBC}") = "SymptomTracking.UWP", "SymptomTracking\SymptomTracking.UWP\SymptomTracking.UWP.csproj", "{0942B379-2FFC-4496-8E9E-5A7A05B8BE91}"
EndProject
Project("{FAE04EC0-301F-11D3-BF4B-00C04F79EFBC}") = "SymptomTracking.Android", "SymptomTracking\SymptomTracking.Android\SymptomTracking.Android.csproj", "{96DF204D-27E2-4AA9-BFBC-362DB8F52DC7}"
EndProject
Project("{FAE04EC0-301F-11D3-BF4B-00C04F79EFBC}") = "SymptomTracking.iOS", "SymptomTracking\SymptomTracking.iOS\SymptomTracking.iOS.csproj", "{386DDCB1-6332-41B3-B2CA-2DDD8145402D}"
EndProject
Project("{FAE04EC0-301F-11D3-BF4B-00C04F79EFBC}") = "SymptomTracking", "SymptomTracking\SymptomTracking\SymptomTracking.csproj", "{FF499CBC-90CC-4138-BE49-8A10441C92E3}"
EndProject
Global
	GlobalSection(SolutionConfigurationPlatforms) = preSolution
		Debug|Any CPU = Debug|Any CPU
		Debug|ARM = Debug|ARM
		Debug|iPhone = Debug|iPhone
		Debug|iPhoneSimulator = Debug|iPhoneSimulator
		Debug|x64 = Debug|x64
		Debug|x86 = Debug|x86
		Release|Any CPU = Release|Any CPU
		Release|ARM = Release|ARM
		Release|iPhone = Release|iPhone
		Release|iPhoneSimulator = Release|iPhoneSimulator
		Release|x64 = Release|x64
		Release|x86 = Release|x86
	EndGlobalSection
	GlobalSection(ProjectConfigurationPlatforms) = postSolution
		{0942B379-2FFC-4496-8E9E-5A7A05B8BE91}.Debug|Any CPU.ActiveCfg = Debug|x86
		{0942B379-2FFC-4496-8E9E-5A7A05B8BE91}.Debug|Any CPU.Build.0 = Debug|x86
		{0942B379-2FFC-4496-8E9E-5A7A05B8BE91}.Debug|Any CPU.Deploy.0 = Debug|x86
		{0942B379-2FFC-4496-8E9E-5A7A05B8BE91}.Debug|ARM.ActiveCfg = Debug|ARM
		{0942B379-2FFC-4496-8E9E-5A7A05B8BE91}.Debug|ARM.Build.0 = Debug|ARM
		{0942B379-2FFC-4496-8E9E-5A7A05B8BE91}.Debug|ARM.Deploy.0 = Debug|ARM
		{0942B379-2FFC-4496-8E9E-5A7A05B8BE91}.Debug|iPhone.ActiveCfg = Debug|x86
		{0942B379-2FFC-4496-8E9E-5A7A05B8BE91}.Debug|iPhone.Build.0 = Debug|x86
		{0942B379-2FFC-4496-8E9E-5A7A05B8BE91}.Debug|iPhone.Deploy.0 = Debug|x86
		{0942B379-2FFC-4496-8E9E-5A7A05B8BE91}.Debug|iPhoneSimulator.ActiveCfg = Debug|x86
		{0942B379-2FFC-4496-8E9E-5A7A05B8BE91}.Debug|iPhoneSimulator.Build.0 = Debug|x86
		{0942B379-2FFC-4496-8E9E-5A7A05B8BE91}.Debug|iPhoneSimulator.Deploy.0 = Debug|x86
		{0942B379-2FFC-4496-8E9E-5A7A05B8BE91}.Debug|x64.ActiveCfg = Debug|x64
		{0942B379-2FFC-4496-8E9E-5A7A05B8BE91}.Debug|x64.Build.0 = Debug|x64
		{0942B379-2FFC-4496-8E9E-5A7A05B8BE91}.Debug|x64.Deploy.0 = Debug|x64
		{0942B379-2FFC-4496-8E9E-5A7A05B8BE91}.Debug|x86.ActiveCfg = Debug|x86
		{0942B379-2FFC-4496-8E9E-5A7A05B8BE91}.Debug|x86.Build.0 = Debug|x86
		{0942B379-2FFC-4496-8E9E-5A7A05B8BE91}.Debug|x86.Deploy.0 = Debug|x86
		{0942B379-2FFC-4496-8E9E-5A7A05B8BE91}.Release|Any CPU.ActiveCfg = Release|x86
		{0942B379-2FFC-4496-8E9E-5A7A05B8BE91}.Release|Any CPU.Build.0 = Release|x86
		{0942B379-2FFC-4496-8E9E-5A7A05B8BE91}.Release|Any CPU.Deploy.0 = Release|x86
		{0942B379-2FFC-4496-8E9E-5A7A05B8BE91}.Release|ARM.ActiveCfg = Release|ARM
		{0942B379-2FFC-4496-8E9E-5A7A05B8BE91}.Release|ARM.Build.0 = Release|ARM
		{0942B379-2FFC-4496-8E9E-5A7A05B8BE91}.Release|ARM.Deploy.0 = Release|ARM
		{0942B379-2FFC-4496-8E9E-5A7A05B8BE91}.Release|iPhone.ActiveCfg = Release|x86
		{0942B379-2FFC-4496-8E9E-5A7A05B8BE91}.Release|iPhone.Build.0 = Release|x86
		{0942B379-2FFC-4496-8E9E-5A7A05B8BE91}.Release|iPhone.Deploy.0 = Release|x86
		{0942B379-2FFC-4496-8E9E-5A7A05B8BE91}.Release|iPhoneSimulator.ActiveCfg = Release|x86
		{0942B379-2FFC-4496-8E9E-5A7A05B8BE91}.Release|iPhoneSimulator.Build.0 = Release|x86
		{0942B379-2FFC-4496-8E9E-5A7A05B8BE91}.Release|iPhoneSimulator.Deploy.0 = Release|x86
		{0942B379-2FFC-4496-8E9E-5A7A05B8BE91}.Release|x64.ActiveCfg = Release|x64
		{0942B379-2FFC-4496-8E9E-5A7A05B8BE91}.Release|x64.Build.0 = Release|x64
		{0942B379-2FFC-4496-8E9E-5A7A05B8BE91}.Release|x64.Deploy.0 = Release|x64
		{0942B379-2FFC-4496-8E9E-5A7A05B8BE91}.Release|x86.ActiveCfg = Release|x86
		{0942B379-2FFC-4496-8E9E-5A7A05B8BE91}.Release|x86.Build.0 = Release|x86
		{0942B379-2FFC-4496-8E9E-5A7A05B8BE91}.Release|x86.Deploy.0 = Release|x86
		{96DF204D-27E2-4AA9-BFBC-362DB8F52DC7}.Debug|Any CPU.ActiveCfg = Debug|Any CPU
		{96DF204D-27E2-4AA9-BFBC-362DB8F52DC7}.Debug|Any CPU.Build.0 = Debug|Any CPU
		{96DF204D-27E2-4AA9-BFBC-362DB8F52DC7}.Debug|Any CPU.Deploy.0 = Debug|Any CPU
		{96DF204D-27E2-4AA9-BFBC-362DB8F52DC7}.Debug|ARM.ActiveCfg = Debug|Any CPU
		{96DF204D-27E2-4AA9-BFBC-362DB8F52DC7}.Debug|ARM.Build.0 = Debug|Any CPU
		{96DF204D-27E2-4AA9-BFBC-362DB8F52DC7}.Debug|ARM.Deploy.0 = Debug|Any CPU
		{96DF204D-27E2-4AA9-BFBC-362DB8F52DC7}.Debug|iPhone.ActiveCfg = Debug|Any CPU
		{96DF204D-27E2-4AA9-BFBC-362DB8F52DC7}.Debug|iPhone.Build.0 = Debug|Any CPU
		{96DF204D-27E2-4AA9-BFBC-362DB8F52DC7}.Debug|iPhone.Deploy.0 = Debug|Any CPU
		{96DF204D-27E2-4AA9-BFBC-362DB8F52DC7}.Debug|iPhoneSimulator.ActiveCfg = Debug|Any CPU
		{96DF204D-27E2-4AA9-BFBC-362DB8F52DC7}.Debug|iPhoneSimulator.Build.0 = Debug|Any CPU
		{96DF204D-27E2-4AA9-BFBC-362DB8F52DC7}.Debug|iPhoneSimulator.Deploy.0 = Debug|Any CPU
		{96DF204D-27E2-4AA9-BFBC-362DB8F52DC7}.Debug|x64.ActiveCfg = Debug|Any CPU
		{96DF204D-27E2-4AA9-BFBC-362DB8F52DC7}.Debug|x64.Build.0 = Debug|Any CPU
		{96DF204D-27E2-4AA9-BFBC-362DB8F52DC7}.Debug|x64.Deploy.0 = Debug|Any CPU
		{96DF204D-27E2-4AA9-BFBC-362DB8F52DC7}.Debug|x86.ActiveCfg = Debug|Any CPU
		{96DF204D-27E2-4AA9-BFBC-362DB8F52DC7}.Debug|x86.Build.0 = Debug|Any CPU
		{96DF204D-27E2-4AA9-BFBC-362DB8F52DC7}.Debug|x86.Deploy.0 = Debug|Any CPU
		{96DF204D-27E2-4AA9-BFBC-362DB8F52DC7}.Release|Any CPU.ActiveCfg = Release|Any CPU
		{96DF204D-27E2-4AA9-BFBC-362DB8F52DC7}.Release|Any CPU.Build.0 = Release|Any CPU
		{96DF204D-27E2-4AA9-BFBC-362DB8F52DC7}.Release|Any CPU.Deploy.0 = Release|Any CPU
		{96DF204D-27E2-4AA9-BFBC-362DB8F52DC7}.Release|ARM.ActiveCfg = Release|Any CPU
		{96DF204D-27E2-4AA9-BFBC-362DB8F52DC7}.Release|ARM.Build.0 = Release|Any CPU
		{96DF204D-27E2-4AA9-BFBC-362DB8F52DC7}.Release|ARM.Deploy.0 = Release|Any CPU
		{96DF204D-27E2-4AA9-BFBC-362DB8F52DC7}.Release|iPhone.ActiveCfg = Release|Any CPU
		{96DF204D-27E2-4AA9-BFBC-362DB8F52DC7}.Release|iPhone.Build.0 = Release|Any CPU
		{96DF204D-27E2-4AA9-BFBC-362DB8F52DC7}.Release|iPhone.Deploy.0 = Release|Any CPU
		{96DF204D-27E2-4AA9-BFBC-362DB8F52DC7}.Release|iPhoneSimulator.ActiveCfg = Release|Any CPU
		{96DF204D-27E2-4AA9-BFBC-362DB8F52DC7}.Release|iPhoneSimulator.Build.0 = Release|Any CPU
		{96DF204D-27E2-4AA9-BFBC-362DB8F52DC7}.Release|iPhoneSimulator.Deploy.0 = Release|Any CPU
		{96DF204D-27E2-4AA9-BFBC-362DB8F52DC7}.Release|x64.ActiveCfg = Release|Any CPU
		{96DF204D-27E2-4AA9-BFBC-362DB8F52DC7}.Release|x64.Build.0 = Release|Any CPU
		{96DF204D-27E2-4AA9-BFBC-362DB8F52DC7}.Release|x64.Deploy.0 = Release|Any CPU
		{96DF204D-27E2-4AA9-BFBC-362DB8F52DC7}.Release|x86.ActiveCfg = Release|Any CPU
		{96DF204D-27E2-4AA9-BFBC-362DB8F52DC7}.Release|x86.Build.0 = Release|Any CPU
		{96DF204D-27E2-4AA9-BFBC-362DB8F52DC7}.Release|x86.Deploy.0 = Release|Any CPU
		{386DDCB1-6332-41B3-B2CA-2DDD8145402D}.Debug|Any CPU.ActiveCfg = Debug|iPhone
		{386DDCB1-6332-41B3-B2CA-2DDD8145402D}.Debug|Any CPU.Build.0 = Debug|iPhone
		{386DDCB1-6332-41B3-B2CA-2DDD8145402D}.Debug|Any CPU.Deploy.0 = Debug|iPhone
		{386DDCB1-6332-41B3-B2CA-2DDD8145402D}.Debug|ARM.ActiveCfg = Debug|iPhoneSimulator
		{386DDCB1-6332-41B3-B2CA-2DDD8145402D}.Debug|ARM.Build.0 = Debug|iPhoneSimulator
		{386DDCB1-6332-41B3-B2CA-2DDD8145402D}.Debug|ARM.Deploy.0 = Debug|iPhoneSimulator
		{386DDCB1-6332-41B3-B2CA-2DDD8145402D}.Debug|iPhone.ActiveCfg = Debug|iPhone
		{386DDCB1-6332-41B3-B2CA-2DDD8145402D}.Debug|iPhone.Build.0 = Debug|iPhone
		{386DDCB1-6332-41B3-B2CA-2DDD8145402D}.Debug|iPhone.Deploy.0 = Debug|iPhone
		{386DDCB1-6332-41B3-B2CA-2DDD8145402D}.Debug|iPhoneSimulator.ActiveCfg = Debug|iPhoneSimulator
		{386DDCB1-6332-41B3-B2CA-2DDD8145402D}.Debug|iPhoneSimulator.Build.0 = Debug|iPhoneSimulator
		{386DDCB1-6332-41B3-B2CA-2DDD8145402D}.Debug|iPhoneSimulator.Deploy.0 = Debug|iPhoneSimulator
		{386DDCB1-6332-41B3-B2CA-2DDD8145402D}.Debug|x64.ActiveCfg = Debug|iPhone
		{386DDCB1-6332-41B3-B2CA-2DDD8145402D}.Debug|x64.Build.0 = Debug|iPhone
		{386DDCB1-6332-41B3-B2CA-2DDD8145402D}.Debug|x64.Deploy.0 = Debug|iPhone
		{386DDCB1-6332-41B3-B2CA-2DDD8145402D}.Debug|x86.ActiveCfg = Debug|iPhone
		{386DDCB1-6332-41B3-B2CA-2DDD8145402D}.Debug|x86.Build.0 = Debug|iPhone
		{386DDCB1-6332-41B3-B2CA-2DDD8145402D}.Debug|x86.Deploy.0 = Debug|iPhone
		{386DDCB1-6332-41B3-B2CA-2DDD8145402D}.Release|Any CPU.ActiveCfg = Release|iPhone
		{386DDCB1-6332-41B3-B2CA-2DDD8145402D}.Release|Any CPU.Build.0 = Release|iPhone
		{386DDCB1-6332-41B3-B2CA-2DDD8145402D}.Release|Any CPU.Deploy.0 = Release|iPhone
		{386DDCB1-6332-41B3-B2CA-2DDD8145402D}.Release|ARM.ActiveCfg = Release|iPhone
		{386DDCB1-6332-41B3-B2CA-2DDD8145402D}.Release|ARM.Build.0 = Release|iPhone
		{386DDCB1-6332-41B3-B2CA-2DDD8145402D}.Release|ARM.Deploy.0 = Release|iPhone
		{386DDCB1-6332-41B3-B2CA-2DDD8145402D}.Release|iPhone.ActiveCfg = Release|iPhone
		{386DDCB1-6332-41B3-B2CA-2DDD8145402D}.Release|iPhone.Build.0 = Release|iPhone
		{386DDCB1-6332-41B3-B2CA-2DDD8145402D}.Release|iPhone.Deploy.0 = Release|iPhone
		{386DDCB1-6332-41B3-B2CA-2DDD8145402D}.Release|iPhoneSimulator.ActiveCfg = Release|iPhoneSimulator
		{386DDCB1-6332-41B3-B2CA-2DDD8145402D}.Release|iPhoneSimulator.Build.0 = Release|iPhoneSimulator
		{386DDCB1-6332-41B3-B2CA-2DDD8145402D}.Release|iPhoneSimulator.Deploy.0 = Release|iPhoneSimulator
		{386DDCB1-6332-41B3-B2CA-2DDD8145402D}.Release|x64.ActiveCfg = Release|iPhone
		{386DDCB1-6332-41B3-B2CA-2DDD8145402D}.Release|x64.Build.0 = Release|iPhone
		{386DDCB1-6332-41B3-B2CA-2DDD8145402D}.Release|x64.Deploy.0 = Release|iPhone
		{386DDCB1-6332-41B3-B2CA-2DDD8145402D}.Release|x86.ActiveCfg = Release|iPhone
		{386DDCB1-6332-41B3-B2CA-2DDD8145402D}.Release|x86.Build.0 = Release|iPhone
		{386DDCB1-6332-41B3-B2CA-2DDD8145402D}.Release|x86.Deploy.0 = Release|iPhone
		{FF499CBC-90CC-4138-BE49-8A10441C92E3}.Debug|Any CPU.ActiveCfg = Debug|Any CPU
		{FF499CBC-90CC-4138-BE49-8A10441C92E3}.Debug|Any CPU.Build.0 = Debug|Any CPU
		{FF499CBC-90CC-4138-BE49-8A10441C92E3}.Debug|Any CPU.Deploy.0 = Debug|Any CPU
		{FF499CBC-90CC-4138-BE49-8A10441C92E3}.Debug|ARM.ActiveCfg = Debug|Any CPU
		{FF499CBC-90CC-4138-BE49-8A10441C92E3}.Debug|ARM.Build.0 = Debug|Any CPU
		{FF499CBC-90CC-4138-BE49-8A10441C92E3}.Debug|ARM.Deploy.0 = Debug|Any CPU
		{FF499CBC-90CC-4138-BE49-8A10441C92E3}.Debug|iPhone.ActiveCfg = Debug|Any CPU
		{FF499CBC-90CC-4138-BE49-8A10441C92E3}.Debug|iPhone.Build.0 = Debug|Any CPU
		{FF499CBC-90CC-4138-BE49-8A10441C92E3}.Debug|iPhone.Deploy.0 = Debug|Any CPU
		{FF499CBC-90CC-4138-BE49-8A10441C92E3}.Debug|iPhoneSimulator.ActiveCfg = Debug|Any CPU
		{FF499CBC-90CC-4138-BE49-8A10441C92E3}.Debug|iPhoneSimulator.Build.0 = Debug|Any CPU
		{FF499CBC-90CC-4138-BE49-8A10441C92E3}.Debug|iPhoneSimulator.Deploy.0 = Debug|Any CPU
		{FF499CBC-90CC-4138-BE49-8A10441C92E3}.Debug|x64.ActiveCfg = Debug|Any CPU
		{FF499CBC-90CC-4138-BE49-8A10441C92E3}.Debug|x64.Build.0 = Debug|Any CPU
		{FF499CBC-90CC-4138-BE49-8A10441C92E3}.Debug|x64.Deploy.0 = Debug|Any CPU
		{FF499CBC-90CC-4138-BE49-8A10441C92E3}.Debug|x86.ActiveCfg = Debug|Any CPU
		{FF499CBC-90CC-4138-BE49-8A10441C92E3}.Debug|x86.Build.0 = Debug|Any CPU
		{FF499CBC-90CC-4138-BE49-8A10441C92E3}.Debug|x86.Deploy.0 = Debug|Any CPU
		{FF499CBC-90CC-4138-BE49-8A10441C92E3}.Release|Any CPU.ActiveCfg = Release|Any CPU
		{FF499CBC-90CC-4138-BE49-8A10441C92E3}.Release|Any CPU.Build.0 = Release|Any CPU
		{FF499CBC-90CC-4138-BE49-8A10441C92E3}.Release|Any CPU.Deploy.0 = Release|Any CPU
		{FF499CBC-90CC-4138-BE49-8A10441C92E3}.Release|ARM.ActiveCfg = Release|Any CPU
		{FF499CBC-90CC-4138-BE49-8A10441C92E3}.Release|ARM.Build.0 = Release|Any CPU
		{FF499CBC-90CC-4138-BE49-8A10441C92E3}.Release|ARM.Deploy.0 = Release|Any CPU
		{FF499CBC-90CC-4138-BE49-8A10441C92E3}.Release|iPhone.ActiveCfg = Release|Any CPU
		{FF499CBC-90CC-4138-BE49-8A10441C92E3}.Release|iPhone.Build.0 = Release|Any CPU
		{FF499CBC-90CC-4138-BE49-8A10441C92E3}.Release|iPhone.Deploy.0 = Release|Any CPU
		{FF499CBC-90CC-4138-BE49-8A10441C92E3}.Release|iPhoneSimulator.ActiveCfg = Release|Any CPU
		{FF499CBC-90CC-4138-BE49-8A10441C92E3}.Release|iPhoneSimulator.Build.0 = Release|Any CPU
		{FF499CBC-90CC-4138-BE49-8A10441C92E3}.Release|iPhoneSimulator.Deploy.0 = Release|Any CPU
		{FF499CBC-90CC-4138-BE49-8A10441C92E3}.Release|x64.ActiveCfg = Release|Any CPU
		{FF499CBC-90CC-4138-BE49-8A10441C92E3}.Release|x64.Build.0 = Release|Any CPU
		{FF499CBC-90CC-4138-BE49-8A10441C92E3}.Release|x64.Deploy.0 = Release|Any CPU
		{FF499CBC-90CC-4138-BE49-8A10441C92E3}.Release|x86.ActiveCfg = Release|Any CPU
		{FF499CBC-90CC-4138-BE49-8A10441C92E3}.Release|x86.Build.0 = Release|Any CPU
		{FF499CBC-90CC-4138-BE49-8A10441C92E3}.Release|x86.Deploy.0 = Release|Any CPU
	EndGlobalSection
	GlobalSection(SolutionProperties) = preSolution
		HideSolutionNode = FALSE
	EndGlobalSection
	GlobalSection(ExtensibilityGlobals) = postSolution
		SolutionGuid = {A22F9822-08EB-439E-9BAB-61A7679AD31D}
	EndGlobalSection
EndGlobal
